// !$*UTF8*$!
{
	archiveVersion = 1;
	classes = {
	};
	objectVersion = 56;
	objects = {

/* Begin PBXBuildFile section */
		B1000001 /* XYZTApp.swift in Sources */ = {isa = PBXBuildFile; fileRef = F1000001 /* XYZTApp.swift */; };
		B1000002 /* AppDelegate.swift in Sources */ = {isa = PBXBuildFile; fileRef = F1000002 /* AppDelegate.swift */; };
		B1000015 /* AppBranding.swift in Sources */ = {isa = PBXBuildFile; fileRef = F1000015 /* AppBranding.swift */; };
		B1000003 /* ChatMessage.swift in Sources */ = {isa = PBXBuildFile; fileRef = F1000003 /* ChatMessage.swift */; };
		B1000004 /* ChatSession.swift in Sources */ = {isa = PBXBuildFile; fileRef = F1000004 /* ChatSession.swift */; };
		B1000005 /* WindowMode.swift in Sources */ = {isa = PBXBuildFile; fileRef = F1000005 /* WindowMode.swift */; };
		B1000006 /* ChatWindowController.swift in Sources */ = {isa = PBXBuildFile; fileRef = F1000006 /* ChatWindowController.swift */; };
		B1000022 /* KeyableWindow.swift in Sources */ = {isa = PBXBuildFile; fileRef = F1000022 /* KeyableWindow.swift */; };
		B1000007 /* ChatAgent.swift in Sources */ = {isa = PBXBuildFile; fileRef = F1000007 /* ChatAgent.swift */; };
		B1000050 /* OpenRouterClient.swift in Sources */ = {isa = PBXBuildFile; fileRef = F1000050 /* OpenRouterClient.swift */; };
		B1000051 /* OpenRouterCredentialStore.swift in Sources */ = {isa = PBXBuildFile; fileRef = F1000051 /* OpenRouterCredentialStore.swift */; };
		B1000008 /* ChatViewModel.swift in Sources */ = {isa = PBXBuildFile; fileRef = F1000008 /* ChatViewModel.swift */; };
		B1000009 /* VisualEffectBackground.swift in Sources */ = {isa = PBXBuildFile; fileRef = F1000009 /* VisualEffectBackground.swift */; };
		B1000010 /* MessageBubbleView.swift in Sources */ = {isa = PBXBuildFile; fileRef = F1000010 /* MessageBubbleView.swift */; };
		B1000011 /* MessageListView.swift in Sources */ = {isa = PBXBuildFile; fileRef = F1000011 /* MessageListView.swift */; };
		B1000012 /* ChatInputBar.swift in Sources */ = {isa = PBXBuildFile; fileRef = F1000012 /* ChatInputBar.swift */; };
		B1000013 /* CompactHeaderView.swift in Sources */ = {isa = PBXBuildFile; fileRef = F1000013 /* CompactHeaderView.swift */; };
		B1000014 /* ChatRootView.swift in Sources */ = {isa = PBXBuildFile; fileRef = F1000014 /* ChatRootView.swift */; };
		B1000016 /* AppTypography.swift in Sources */ = {isa = PBXBuildFile; fileRef = F1000016 /* AppTypography.swift */; };
		B1000017 /* ConversationLayout.swift in Sources */ = {isa = PBXBuildFile; fileRef = F1000017 /* ConversationLayout.swift */; };
		B1000018 /* ChatModel.swift in Sources */ = {isa = PBXBuildFile; fileRef = F1000018 /* ChatModel.swift */; };
		B1000026 /* Project.swift in Sources */ = {isa = PBXBuildFile; fileRef = F1000026 /* Project.swift */; };
		B1000027 /* ChatThread.swift in Sources */ = {isa = PBXBuildFile; fileRef = F1000027 /* ChatThread.swift */; };
		B1000028 /* ProjectSelectorView.swift in Sources */ = {isa = PBXBuildFile; fileRef = F1000028 /* ProjectSelectorView.swift */; };
		B1000033 /* ChromeEdgeBlur.swift in Sources */ = {isa = PBXBuildFile; fileRef = F1000033 /* ChromeEdgeBlur.swift */; };
		B1000034 /* CompactWindowResizeHandles.swift in Sources */ = {isa = PBXBuildFile; fileRef = F1000034 /* CompactWindowResizeHandles.swift */; };
		B1000035 /* SessionBrowserViews.swift in Sources */ = {isa = PBXBuildFile; fileRef = F1000035 /* SessionBrowserViews.swift */; };
		B1000036 /* ChatViewModel+SessionBrowser.swift in Sources */ = {isa = PBXBuildFile; fileRef = F1000036 /* ChatViewModel+SessionBrowser.swift */; };
		B1000037 /* HeaderToolbarActions.swift in Sources */ = {isa = PBXBuildFile; fileRef = F1000037 /* HeaderToolbarActions.swift */; };
		B1000038 /* AppPreferences.swift in Sources */ = {isa = PBXBuildFile; fileRef = F1000038 /* AppPreferences.swift */; };
		B1000039 /* FloatingMenuOverlay.swift in Sources */ = {isa = PBXBuildFile; fileRef = F1000039 /* FloatingMenuOverlay.swift */; };
		B1000040 /* SettingsOverlay.swift in Sources */ = {isa = PBXBuildFile; fileRef = F1000040 /* SettingsOverlay.swift */; };
		B1000041 /* ChatViewModel+Overlays.swift in Sources */ = {isa = PBXBuildFile; fileRef = F1000041 /* ChatViewModel+Overlays.swift */; };
		B1000042 /* MacTooltip.swift in Sources */ = {isa = PBXBuildFile; fileRef = F1000042 /* MacTooltip.swift */; };
		B1000043 /* AppFontDropdown.swift in Sources */ = {isa = PBXBuildFile; fileRef = F1000043 /* AppFontDropdown.swift */; };
		B1000044 /* ChatInputTextView.swift in Sources */ = {isa = PBXBuildFile; fileRef = F1000044 /* ChatInputTextView.swift */; };
		B1000045 /* AppChrome.swift in Sources */ = {isa = PBXBuildFile; fileRef = F1000045 /* AppChrome.swift */; };
		B1000052 /* SmoothScrolling.swift in Sources */ = {isa = PBXBuildFile; fileRef = F1000052 /* SmoothScrolling.swift */; };
		B1000053 /* MacHelpTag.swift in Sources */ = {isa = PBXBuildFile; fileRef = F1000053 /* MacHelpTag.swift */; };
		B1000054 /* StreamingInputBorder.swift in Sources */ = {isa = PBXBuildFile; fileRef = F1000054 /* StreamingInputBorder.swift */; };
		B1000055 /* AgentToolCard.swift in Sources */ = {isa = PBXBuildFile; fileRef = F1000055 /* AgentToolCard.swift */; };
		B1000056 /* AgentStreamParser.swift in Sources */ = {isa = PBXBuildFile; fileRef = F1000056 /* AgentStreamParser.swift */; };
		B1000057 /* OpenRouterStreaming.swift in Sources */ = {isa = PBXBuildFile; fileRef = F1000057 /* OpenRouterStreaming.swift */; };
		B1000058 /* ToolCardView.swift in Sources */ = {isa = PBXBuildFile; fileRef = F1000058 /* ToolCardView.swift */; };
		B1000059 /* MessageMarkdown.swift in Sources */ = {isa = PBXBuildFile; fileRef = F1000059 /* MessageMarkdown.swift */; };
		B1000060 /* JumpToBottomButton.swift in Sources */ = {isa = PBXBuildFile; fileRef = F1000060 /* JumpToBottomButton.swift */; };
		B1000061 /* ProjectSessionStore.swift in Sources */ = {isa = PBXBuildFile; fileRef = F1000061 /* ProjectSessionStore.swift */; };
		B1000062 /* ChatViewModel+Workspace.swift in Sources */ = {isa = PBXBuildFile; fileRef = F1000062 /* ChatViewModel+Workspace.swift */; };
		B1000063 /* OpenFolderGateView.swift in Sources */ = {isa = PBXBuildFile; fileRef = F1000063 /* OpenFolderGateView.swift */; };
		B1000064 /* ExpandedWindowLayout.swift in Sources */ = {isa = PBXBuildFile; fileRef = F1000064 /* ExpandedWindowLayout.swift */; };
		B1000065 /* SessionSidebarView.swift in Sources */ = {isa = PBXBuildFile; fileRef = F1000065 /* SessionSidebarView.swift */; };
		B1000066 /* ExpandedTitleBarController.swift in Sources */ = {isa = PBXBuildFile; fileRef = F1000066 /* ExpandedTitleBarController.swift */; };
		B1000067 /* MessageMarkdownParser.swift in Sources */ = {isa = PBXBuildFile; fileRef = F1000067 /* MessageMarkdownParser.swift */; };
		B1000068 /* ExpandedSidebarColumn.swift in Sources */ = {isa = PBXBuildFile; fileRef = F1000068 /* ExpandedSidebarColumn.swift */; };
		B1000071 /* ExpandedDetailToolbar.swift in Sources */ = {isa = PBXBuildFile; fileRef = F1000071 /* ExpandedDetailToolbar.swift */; };
		B1000070 /* CompactWindowAnchor.swift in Sources */ = {isa = PBXBuildFile; fileRef = F1000070 /* CompactWindowAnchor.swift */; };
		B1000019 /* ModelSelectorView.swift in Sources */ = {isa = PBXBuildFile; fileRef = F1000019 /* ModelSelectorView.swift */; };
		B1000023 /* GlassSurface.swift in Sources */ = {isa = PBXBuildFile; fileRef = F1000023 /* GlassSurface.swift */; };
		B1000024 /* FloatingHeaderChrome.swift in Sources */ = {isa = PBXBuildFile; fileRef = F1000024 /* FloatingHeaderChrome.swift */; };
		B1000025 /* FloatingChromeMetrics.swift in Sources */ = {isa = PBXBuildFile; fileRef = F1000025 /* FloatingChromeMetrics.swift */; };
		B1000031 /* JetBrainsMono-Regular.ttf in Resources */ = {isa = PBXBuildFile; fileRef = F1000031 /* JetBrainsMono-Regular.ttf */; };
		B1000032 /* JetBrainsMono-Medium.ttf in Resources */ = {isa = PBXBuildFile; fileRef = F1000032 /* JetBrainsMono-Medium.ttf */; };
		B1000020 /* Assets.xcassets in Resources */ = {isa = PBXBuildFile; fileRef = F1000020 /* Assets.xcassets */; };
		B1000030 /* OpenRouterClientTests.swift in Sources */ = {isa = PBXBuildFile; fileRef = F1000030 /* OpenRouterClientTests.swift */; };
		B1000069 /* MessageMarkdownParserTests.swift in Sources */ = {isa = PBXBuildFile; fileRef = F1000069 /* MessageMarkdownParserTests.swift */; };
/* End PBXBuildFile section */

/* Begin PBXContainerItemProxy section */
		C1000001 /* PBXContainerItemProxy */ = {
			isa = PBXContainerItemProxy;
			containerPortal = P1000001 /* Project object */;
			proxyType = 1;
			remoteGlobalIDString = T1000001;
			remoteInfo = XYZT;
		};
/* End PBXContainerItemProxy section */

/* Begin PBXFileReference section */
		E1000001 /* XYZT.app */ = {isa = PBXFileReference; explicitFileType = wrapper.application; includeInIndex = 0; path = XYZT.app; sourceTree = BUILT_PRODUCTS_DIR; };
		E1000002 /* XYZTTests.xctest */ = {isa = PBXFileReference; explicitFileType = wrapper.cfbundle; includeInIndex = 0; path = XYZTTests.xctest; sourceTree = BUILT_PRODUCTS_DIR; };
		F1000001 /* XYZTApp.swift */ = {isa = PBXFileReference; lastKnownFileType = sourcecode.swift; path = XYZTApp.swift; sourceTree = "<group>"; };
		F1000002 /* AppDelegate.swift */ = {isa = PBXFileReference; lastKnownFileType = sourcecode.swift; path = AppDelegate.swift; sourceTree = "<group>"; };
		F1000015 /* AppBranding.swift */ = {isa = PBXFileReference; lastKnownFileType = sourcecode.swift; path = AppBranding.swift; sourceTree = "<group>"; };
		F1000003 /* ChatMessage.swift */ = {isa = PBXFileReference; lastKnownFileType = sourcecode.swift; path = ChatMessage.swift; sourceTree = "<group>"; };
		F1000004 /* ChatSession.swift */ = {isa = PBXFileReference; lastKnownFileType = sourcecode.swift; path = ChatSession.swift; sourceTree = "<group>"; };
		F1000005 /* WindowMode.swift */ = {isa = PBXFileReference; lastKnownFileType = sourcecode.swift; path = WindowMode.swift; sourceTree = "<group>"; };
		F1000006 /* ChatWindowController.swift */ = {isa = PBXFileReference; lastKnownFileType = sourcecode.swift; path = ChatWindowController.swift; sourceTree = "<group>"; };
		F1000022 /* KeyableWindow.swift */ = {isa = PBXFileReference; lastKnownFileType = sourcecode.swift; path = KeyableWindow.swift; sourceTree = "<group>"; };
		F1000007 /* ChatAgent.swift */ = {isa = PBXFileReference; lastKnownFileType = sourcecode.swift; path = ChatAgent.swift; sourceTree = "<group>"; };
		F1000050 /* OpenRouterClient.swift */ = {isa = PBXFileReference; lastKnownFileType = sourcecode.swift; path = OpenRouterClient.swift; sourceTree = "<group>"; };
		F1000051 /* OpenRouterCredentialStore.swift */ = {isa = PBXFileReference; lastKnownFileType = sourcecode.swift; path = OpenRouterCredentialStore.swift; sourceTree = "<group>"; };
		F1000008 /* ChatViewModel.swift */ = {isa = PBXFileReference; lastKnownFileType = sourcecode.swift; path = ChatViewModel.swift; sourceTree = "<group>"; };
		F1000009 /* VisualEffectBackground.swift */ = {isa = PBXFileReference; lastKnownFileType = sourcecode.swift; path = VisualEffectBackground.swift; sourceTree = "<group>"; };
		F1000010 /* MessageBubbleView.swift */ = {isa = PBXFileReference; lastKnownFileType = sourcecode.swift; path = MessageBubbleView.swift; sourceTree = "<group>"; };
		F1000011 /* MessageListView.swift */ = {isa = PBXFileReference; lastKnownFileType = sourcecode.swift; path = MessageListView.swift; sourceTree = "<group>"; };
		F1000012 /* ChatInputBar.swift */ = {isa = PBXFileReference; lastKnownFileType = sourcecode.swift; path = ChatInputBar.swift; sourceTree = "<group>"; };
		F1000013 /* CompactHeaderView.swift */ = {isa = PBXFileReference; lastKnownFileType = sourcecode.swift; path = CompactHeaderView.swift; sourceTree = "<group>"; };
		F1000014 /* ChatRootView.swift */ = {isa = PBXFileReference; lastKnownFileType = sourcecode.swift; path = ChatRootView.swift; sourceTree = "<group>"; };
		F1000016 /* AppTypography.swift */ = {isa = PBXFileReference; lastKnownFileType = sourcecode.swift; path = AppTypography.swift; sourceTree = "<group>"; };
		F1000017 /* ConversationLayout.swift */ = {isa = PBXFileReference; lastKnownFileType = sourcecode.swift; path = ConversationLayout.swift; sourceTree = "<group>"; };
		F1000018 /* ChatModel.swift */ = {isa = PBXFileReference; lastKnownFileType = sourcecode.swift; path = ChatModel.swift; sourceTree = "<group>"; };
		F1000026 /* Project.swift */ = {isa = PBXFileReference; lastKnownFileType = sourcecode.swift; path = Project.swift; sourceTree = "<group>"; };
		F1000027 /* ChatThread.swift */ = {isa = PBXFileReference; lastKnownFileType = sourcecode.swift; path = ChatThread.swift; sourceTree = "<group>"; };
		F1000028 /* ProjectSelectorView.swift */ = {isa = PBXFileReference; lastKnownFileType = sourcecode.swift; path = ProjectSelectorView.swift; sourceTree = "<group>"; };
		F1000033 /* ChromeEdgeBlur.swift */ = {isa = PBXFileReference; lastKnownFileType = sourcecode.swift; path = ChromeEdgeBlur.swift; sourceTree = "<group>"; };
		F1000034 /* CompactWindowResizeHandles.swift */ = {isa = PBXFileReference; lastKnownFileType = sourcecode.swift; path = CompactWindowResizeHandles.swift; sourceTree = "<group>"; };
		F1000019 /* ModelSelectorView.swift */ = {isa = PBXFileReference; lastKnownFileType = sourcecode.swift; path = ModelSelectorView.swift; sourceTree = "<group>"; };
		F1000023 /* GlassSurface.swift */ = {isa = PBXFileReference; lastKnownFileType = sourcecode.swift; path = GlassSurface.swift; sourceTree = "<group>"; };
		F1000024 /* FloatingHeaderChrome.swift */ = {isa = PBXFileReference; lastKnownFileType = sourcecode.swift; path = FloatingHeaderChrome.swift; sourceTree = "<group>"; };
		F1000025 /* FloatingChromeMetrics.swift */ = {isa = PBXFileReference; lastKnownFileType = sourcecode.swift; path = FloatingChromeMetrics.swift; sourceTree = "<group>"; };
		F1000031 /* JetBrainsMono-Regular.ttf */ = {isa = PBXFileReference; lastKnownFileType = file; path = "JetBrainsMono-Regular.ttf"; sourceTree = "<group>"; };
		F1000032 /* JetBrainsMono-Medium.ttf */ = {isa = PBXFileReference; lastKnownFileType = file; path = "JetBrainsMono-Medium.ttf"; sourceTree = "<group>"; };
		F1000020 /* Assets.xcassets */ = {isa = PBXFileReference; lastKnownFileType = folder.assetcatalog; path = Assets.xcassets; sourceTree = "<group>"; };
		F1000030 /* OpenRouterClientTests.swift */ = {isa = PBXFileReference; lastKnownFileType = sourcecode.swift; path = OpenRouterClientTests.swift; sourceTree = "<group>"; };
		F1000035 /* SessionBrowserViews.swift */ = {isa = PBXFileReference; lastKnownFileType = sourcecode.swift; path = SessionBrowserViews.swift; sourceTree = "<group>"; };
		F1000036 /* ChatViewModel+SessionBrowser.swift */ = {isa = PBXFileReference; lastKnownFileType = sourcecode.swift; path = "ChatViewModel+SessionBrowser.swift"; sourceTree = "<group>"; };
		F1000037 /* HeaderToolbarActions.swift */ = {isa = PBXFileReference; lastKnownFileType = sourcecode.swift; path = HeaderToolbarActions.swift; sourceTree = "<group>"; };
		F1000038 /* AppPreferences.swift */ = {isa = PBXFileReference; lastKnownFileType = sourcecode.swift; path = AppPreferences.swift; sourceTree = "<group>"; };
		F1000039 /* FloatingMenuOverlay.swift */ = {isa = PBXFileReference; lastKnownFileType = sourcecode.swift; path = FloatingMenuOverlay.swift; sourceTree = "<group>"; };
		F1000040 /* SettingsOverlay.swift */ = {isa = PBXFileReference; lastKnownFileType = sourcecode.swift; path = SettingsOverlay.swift; sourceTree = "<group>"; };
		F1000041 /* ChatViewModel+Overlays.swift */ = {isa = PBXFileReference; lastKnownFileType = sourcecode.swift; path = "ChatViewModel+Overlays.swift"; sourceTree = "<group>"; };
		F1000042 /* MacTooltip.swift */ = {isa = PBXFileReference; lastKnownFileType = sourcecode.swift; path = MacTooltip.swift; sourceTree = "<group>"; };
		F1000043 /* AppFontDropdown.swift */ = {isa = PBXFileReference; lastKnownFileType = sourcecode.swift; path = AppFontDropdown.swift; sourceTree = "<group>"; };
		F1000044 /* ChatInputTextView.swift */ = {isa = PBXFileReference; lastKnownFileType = sourcecode.swift; path = ChatInputTextView.swift; sourceTree = "<group>"; };
		F1000045 /* AppChrome.swift */ = {isa = PBXFileReference; lastKnownFileType = sourcecode.swift; path = AppChrome.swift; sourceTree = "<group>"; };
		F1000052 /* SmoothScrolling.swift */ = {isa = PBXFileReference; lastKnownFileType = sourcecode.swift; path = SmoothScrolling.swift; sourceTree = "<group>"; };
		F1000053 /* MacHelpTag.swift */ = {isa = PBXFileReference; lastKnownFileType = sourcecode.swift; path = MacHelpTag.swift; sourceTree = "<group>"; };
		F1000054 /* StreamingInputBorder.swift */ = {isa = PBXFileReference; lastKnownFileType = sourcecode.swift; path = StreamingInputBorder.swift; sourceTree = "<group>"; };
		F1000055 /* AgentToolCard.swift */ = {isa = PBXFileReference; lastKnownFileType = sourcecode.swift; path = AgentToolCard.swift; sourceTree = "<group>"; };
		F1000056 /* AgentStreamParser.swift */ = {isa = PBXFileReference; lastKnownFileType = sourcecode.swift; path = AgentStreamParser.swift; sourceTree = "<group>"; };
		F1000057 /* OpenRouterStreaming.swift */ = {isa = PBXFileReference; lastKnownFileType = sourcecode.swift; path = OpenRouterStreaming.swift; sourceTree = "<group>"; };
		F1000058 /* ToolCardView.swift */ = {isa = PBXFileReference; lastKnownFileType = sourcecode.swift; path = ToolCardView.swift; sourceTree = "<group>"; };
		F1000059 /* MessageMarkdown.swift */ = {isa = PBXFileReference; lastKnownFileType = sourcecode.swift; path = MessageMarkdown.swift; sourceTree = "<group>"; };
		F1000060 /* JumpToBottomButton.swift */ = {isa = PBXFileReference; lastKnownFileType = sourcecode.swift; path = JumpToBottomButton.swift; sourceTree = "<group>"; };
		F1000061 /* ProjectSessionStore.swift */ = {isa = PBXFileReference; lastKnownFileType = sourcecode.swift; path = ProjectSessionStore.swift; sourceTree = "<group>"; };
		F1000062 /* ChatViewModel+Workspace.swift */ = {isa = PBXFileReference; lastKnownFileType = sourcecode.swift; path = "ChatViewModel+Workspace.swift"; sourceTree = "<group>"; };
		F1000063 /* OpenFolderGateView.swift */ = {isa = PBXFileReference; lastKnownFileType = sourcecode.swift; path = OpenFolderGateView.swift; sourceTree = "<group>"; };
		F1000064 /* ExpandedWindowLayout.swift */ = {isa = PBXFileReference; lastKnownFileType = sourcecode.swift; path = ExpandedWindowLayout.swift; sourceTree = "<group>"; };
		F1000065 /* SessionSidebarView.swift */ = {isa = PBXFileReference; lastKnownFileType = sourcecode.swift; path = SessionSidebarView.swift; sourceTree = "<group>"; };
		F1000066 /* ExpandedTitleBarController.swift */ = {isa = PBXFileReference; lastKnownFileType = sourcecode.swift; path = ExpandedTitleBarController.swift; sourceTree = "<group>"; };
		F1000067 /* MessageMarkdownParser.swift */ = {isa = PBXFileReference; lastKnownFileType = sourcecode.swift; path = MessageMarkdownParser.swift; sourceTree = "<group>"; };
		F1000068 /* ExpandedSidebarColumn.swift */ = {isa = PBXFileReference; lastKnownFileType = sourcecode.swift; path = ExpandedSidebarColumn.swift; sourceTree = "<group>"; };
		F1000071 /* ExpandedDetailToolbar.swift */ = {isa = PBXFileReference; lastKnownFileType = sourcecode.swift; path = ExpandedDetailToolbar.swift; sourceTree = "<group>"; };
		F1000069 /* MessageMarkdownParserTests.swift */ = {isa = PBXFileReference; lastKnownFileType = sourcecode.swift; path = MessageMarkdownParserTests.swift; sourceTree = "<group>"; };
		F1000070 /* CompactWindowAnchor.swift */ = {isa = PBXFileReference; lastKnownFileType = sourcecode.swift; path = CompactWindowAnchor.swift; sourceTree = "<group>"; };
/* End PBXFileReference section */

/* Begin PBXFrameworksBuildPhase section */
		X1000001 /* Frameworks */ = {
			isa = PBXFrameworksBuildPhase;
			buildActionMask = 2147483647;
			files = (
			);
			runOnlyForDeploymentPostprocessing = 0;
		};
		X1000002 /* Frameworks */ = {
			isa = PBXFrameworksBuildPhase;
			buildActionMask = 2147483647;
			files = (
			);
			runOnlyForDeploymentPostprocessing = 0;
		};
/* End PBXFrameworksBuildPhase section */

/* Begin PBXGroup section */
		G1000001 = {
			isa = PBXGroup;
			children = (
				G1000002 /* XYZT */,
				G1000003 /* XYZTTests */,
				G1000004 /* Products */,
			);
			sourceTree = "<group>";
		};
		G1000002 /* XYZT */ = {
			isa = PBXGroup;
			children = (
				F1000001 /* XYZTApp.swift */,
				F1000002 /* AppDelegate.swift */,
				F1000015 /* AppBranding.swift */,
				G1000016 /* Typography */,
				G1000010 /* Models */,
				G1000011 /* Services */,
				G1000012 /* ViewModels */,
				G1000013 /* Views */,
				G1000014 /* Window */,
				G1000015 /* Resources */,
			);
			path = XYZT;
			sourceTree = "<group>";
		};
		G1000003 /* XYZTTests */ = {
			isa = PBXGroup;
			children = (
				F1000030 /* OpenRouterClientTests.swift */,
				F1000069 /* MessageMarkdownParserTests.swift */,
			);
			path = XYZTTests;
			sourceTree = "<group>";
		};
		G1000004 /* Products */ = {
			isa = PBXGroup;
			children = (
				E1000001 /* XYZT.app */,
				E1000002 /* XYZTTests.xctest */,
			);
			name = Products;
			sourceTree = "<group>";
		};
		G1000010 /* Models */ = {
			isa = PBXGroup;
			children = (
				F1000003 /* ChatMessage.swift */,
				F1000055 /* AgentToolCard.swift */,
				F1000004 /* ChatSession.swift */,
				F1000018 /* ChatModel.swift */,
				F1000026 /* Project.swift */,
				F1000027 /* ChatThread.swift */,
				F1000038 /* AppPreferences.swift */,
			);
			path = Models;
			sourceTree = "<group>";
		};
		G1000011 /* Services */ = {
			isa = PBXGroup;
			children = (
				F1000007 /* ChatAgent.swift */,
				F1000061 /* ProjectSessionStore.swift */,
				F1000056 /* AgentStreamParser.swift */,
				F1000057 /* OpenRouterStreaming.swift */,
				F1000050 /* OpenRouterClient.swift */,
				F1000051 /* OpenRouterCredentialStore.swift */,
			);
			path = Services;
			sourceTree = "<group>";
		};
		G1000012 /* ViewModels */ = {
			isa = PBXGroup;
			children = (
				F1000008 /* ChatViewModel.swift */,
				F1000036 /* ChatViewModel+SessionBrowser.swift */,
				F1000062 /* ChatViewModel+Workspace.swift */,
				F1000041 /* ChatViewModel+Overlays.swift */,
			);
			path = ViewModels;
			sourceTree = "<group>";
		};
		G1000013 /* Views */ = {
			isa = PBXGroup;
			children = (
				F1000009 /* VisualEffectBackground.swift */,
				F1000010 /* MessageBubbleView.swift */,
				F1000011 /* MessageListView.swift */,
				F1000012 /* ChatInputBar.swift */,
				F1000013 /* CompactHeaderView.swift */,
				F1000014 /* ChatRootView.swift */,
				F1000063 /* OpenFolderGateView.swift */,
				F1000017 /* ConversationLayout.swift */,
				F1000019 /* ModelSelectorView.swift */,
				F1000023 /* GlassSurface.swift */,
				F1000024 /* FloatingHeaderChrome.swift */,
				F1000025 /* FloatingChromeMetrics.swift */,
				F1000028 /* ProjectSelectorView.swift */,
				F1000033 /* ChromeEdgeBlur.swift */,
				F1000035 /* SessionBrowserViews.swift */,
				F1000037 /* HeaderToolbarActions.swift */,
				F1000039 /* FloatingMenuOverlay.swift */,
				F1000040 /* SettingsOverlay.swift */,
				F1000042 /* MacTooltip.swift */,
				F1000053 /* MacHelpTag.swift */,
				F1000043 /* AppFontDropdown.swift */,
				F1000044 /* ChatInputTextView.swift */,
				F1000045 /* AppChrome.swift */,
				F1000052 /* SmoothScrolling.swift */,
				F1000054 /* StreamingInputBorder.swift */,
				F1000058 /* ToolCardView.swift */,
				F1000059 /* MessageMarkdown.swift */,
				F1000060 /* JumpToBottomButton.swift */,
				F1000064 /* ExpandedWindowLayout.swift */,
				F1000068 /* ExpandedSidebarColumn.swift */,
				F1000071 /* ExpandedDetailToolbar.swift */,
				F1000065 /* SessionSidebarView.swift */,
				F1000067 /* MessageMarkdownParser.swift */,
			);
			path = Views;
			sourceTree = "<group>";
		};
		G1000014 /* Window */ = {
			isa = PBXGroup;
			children = (
				F1000005 /* WindowMode.swift */,
				F1000006 /* ChatWindowController.swift */,
				F1000066 /* ExpandedTitleBarController.swift */,
				F1000070 /* CompactWindowAnchor.swift */,
				F1000022 /* KeyableWindow.swift */,
				F1000034 /* CompactWindowResizeHandles.swift */,
			);
			path = Window;
			sourceTree = "<group>";
		};
		G1000015 /* Resources */ = {
			isa = PBXGroup;
			children = (
				F1000020 /* Assets.xcassets */,
				G1000017 /* Fonts */,
			);
			path = Resources;
			sourceTree = "<group>";
		};
		G1000016 /* Typography */ = {
			isa = PBXGroup;
			children = (
				F1000016 /* AppTypography.swift */,
			);
			path = Typography;
			sourceTree = "<group>";
		};
		G1000017 /* Fonts */ = {
			isa = PBXGroup;
			children = (
				F1000031 /* JetBrainsMono-Regular.ttf */,
				F1000032 /* JetBrainsMono-Medium.ttf */,
			);
			path = Fonts;
			sourceTree = "<group>";
		};
/* End PBXGroup section */

/* Begin PBXNativeTarget section */
		T1000001 /* XYZT */ = {
			isa = PBXNativeTarget;
			buildConfigurationList = L1000001 /* Build configuration list for PBXNativeTarget "XYZT" */;
			buildPhases = (
				R1000001 /* Sources */,
				X1000001 /* Frameworks */,
				R1000002 /* Resources */,
			);
			buildRules = (
			);
			dependencies = (
			);
			name = XYZT;
			productName = XYZT;
			productReference = E1000001 /* XYZT.app */;
			productType = "com.apple.product-type.application";
		};
		T1000002 /* XYZTTests */ = {
			isa = PBXNativeTarget;
			buildConfigurationList = L1000002 /* Build configuration list for PBXNativeTarget "XYZTTests" */;
			buildPhases = (
				R1000003 /* Sources */,
				X1000002 /* Frameworks */,
				R1000004 /* Resources */,
			);
			buildRules = (
			);
			dependencies = (
				D1000001 /* PBXTargetDependency */,
			);
			name = XYZTTests;
			productName = XYZTTests;
			productReference = E1000002 /* XYZTTests.xctest */;
			productType = "com.apple.product-type.bundle.unit-test";
		};
/* End PBXNativeTarget section */

/* Begin PBXProject section */
		P1000001 /* Project object */ = {
			isa = PBXProject;
			attributes = {
				BuildIndependentTargetsInParallel = 1;
				LastSwiftUpdateCheck = 1600;
				LastUpgradeCheck = 1600;
				TargetAttributes = {
					T1000001 = {
						CreatedOnToolsVersion = 16.0;
					};
					T1000002 = {
						CreatedOnToolsVersion = 16.0;
						TestTargetID = T1000001;
					};
				};
			};
			buildConfigurationList = L1000000 /* Build configuration list for PBXProject "XYZT" */;
			compatibilityVersion = "Xcode 16.0";
			developmentRegion = en;
			hasScannedForEncodings = 0;
			knownRegions = (
				en,
				Base,
			);
			mainGroup = G1000001;
			productRefGroup = G1000004 /* Products */;
			projectDirPath = "";
			projectRoot = "";
			targets = (
				T1000001 /* XYZT */,
				T1000002 /* XYZTTests */,
			);
		};
/* End PBXProject section */

/* Begin PBXResourcesBuildPhase section */
		R1000002 /* Resources */ = {
			isa = PBXResourcesBuildPhase;
			buildActionMask = 2147483647;
			files = (
				B1000020 /* Assets.xcassets in Resources */,
				B1000031 /* JetBrainsMono-Regular.ttf in Resources */,
				B1000032 /* JetBrainsMono-Medium.ttf in Resources */,
			);
			runOnlyForDeploymentPostprocessing = 0;
		};
		R1000004 /* Resources */ = {
			isa = PBXResourcesBuildPhase;
			buildActionMask = 2147483647;
			files = (
			);
			runOnlyForDeploymentPostprocessing = 0;
		};
/* End PBXResourcesBuildPhase section */

/* Begin PBXSourcesBuildPhase section */
		R1000001 /* Sources */ = {
			isa = PBXSourcesBuildPhase;
			buildActionMask = 2147483647;
			files = (
				B1000001 /* XYZTApp.swift in Sources */,
				B1000002 /* AppDelegate.swift in Sources */,
				B1000015 /* AppBranding.swift in Sources */,
				B1000003 /* ChatMessage.swift in Sources */,
				B1000004 /* ChatSession.swift in Sources */,
				B1000005 /* WindowMode.swift in Sources */,
				B1000006 /* ChatWindowController.swift in Sources */,
				B1000066 /* ExpandedTitleBarController.swift in Sources */,
				B1000022 /* KeyableWindow.swift in Sources */,
				B1000007 /* ChatAgent.swift in Sources */,
				B1000050 /* OpenRouterClient.swift in Sources */,
				B1000051 /* OpenRouterCredentialStore.swift in Sources */,
				B1000008 /* ChatViewModel.swift in Sources */,
				B1000009 /* VisualEffectBackground.swift in Sources */,
				B1000010 /* MessageBubbleView.swift in Sources */,
				B1000011 /* MessageListView.swift in Sources */,
				B1000012 /* ChatInputBar.swift in Sources */,
				B1000013 /* CompactHeaderView.swift in Sources */,
				B1000014 /* ChatRootView.swift in Sources */,
				B1000016 /* AppTypography.swift in Sources */,
				B1000017 /* ConversationLayout.swift in Sources */,
				B1000018 /* ChatModel.swift in Sources */,
				B1000026 /* Project.swift in Sources */,
				B1000027 /* ChatThread.swift in Sources */,
				B1000028 /* ProjectSelectorView.swift in Sources */,
				B1000019 /* ModelSelectorView.swift in Sources */,
				B1000023 /* GlassSurface.swift in Sources */,
				B1000024 /* FloatingHeaderChrome.swift in Sources */,
				B1000025 /* FloatingChromeMetrics.swift in Sources */,
				B1000033 /* ChromeEdgeBlur.swift in Sources */,
				B1000034 /* CompactWindowResizeHandles.swift in Sources */,
				B1000035 /* SessionBrowserViews.swift in Sources */,
				B1000036 /* ChatViewModel+SessionBrowser.swift in Sources */,
				B1000037 /* HeaderToolbarActions.swift in Sources */,
				B1000038 /* AppPreferences.swift in Sources */,
				B1000039 /* FloatingMenuOverlay.swift in Sources */,
				B1000040 /* SettingsOverlay.swift in Sources */,
				B1000041 /* ChatViewModel+Overlays.swift in Sources */,
				B1000042 /* MacTooltip.swift in Sources */,
				B1000043 /* AppFontDropdown.swift in Sources */,
				B1000044 /* ChatInputTextView.swift in Sources */,
				B1000045 /* AppChrome.swift in Sources */,
				B1000052 /* SmoothScrolling.swift in Sources */,
				B1000053 /* MacHelpTag.swift in Sources */,
				B1000054 /* StreamingInputBorder.swift in Sources */,
				B1000055 /* AgentToolCard.swift in Sources */,
				B1000056 /* AgentStreamParser.swift in Sources */,
				B1000057 /* OpenRouterStreaming.swift in Sources */,
				B1000058 /* ToolCardView.swift in Sources */,
				B1000059 /* MessageMarkdown.swift in Sources */,
				B1000060 /* JumpToBottomButton.swift in Sources */,
				B1000061 /* ProjectSessionStore.swift in Sources */,
				B1000062 /* ChatViewModel+Workspace.swift in Sources */,
				B1000063 /* OpenFolderGateView.swift in Sources */,
				B1000064 /* ExpandedWindowLayout.swift in Sources */,
				B1000068 /* ExpandedSidebarColumn.swift in Sources */,
				B1000071 /* ExpandedDetailToolbar.swift in Sources */,
				B1000070 /* CompactWindowAnchor.swift in Sources */,
				B1000065 /* SessionSidebarView.swift in Sources */,
				B1000067 /* MessageMarkdownParser.swift in Sources */,
			);
			runOnlyForDeploymentPostprocessing = 0;
		};
		R1000003 /* Sources */ = {
			isa = PBXSourcesBuildPhase;
			buildActionMask = 2147483647;
			files = (
				B1000030 /* OpenRouterClientTests.swift in Sources */,
				B1000069 /* MessageMarkdownParserTests.swift in Sources */,
			);
			runOnlyForDeploymentPostprocessing = 0;
		};
/* End PBXSourcesBuildPhase section */

/* Begin PBXTargetDependency section */
		D1000001 /* PBXTargetDependency */ = {
			isa = PBXTargetDependency;
			target = T1000001 /* XYZT */;
			targetProxy = C1000001 /* PBXContainerItemProxy */;
		};
/* End PBXTargetDependency section */

/* Begin XCBuildConfiguration section */
		C2000000 /* Debug */ = {
			isa = XCBuildConfiguration;
			buildSettings = {
				ALWAYS_SEARCH_USER_PATHS = NO;
				CLANG_ENABLE_MODULES = YES;
				CLANG_ENABLE_OBJC_ARC = YES;
				COPY_PHASE_STRIP = NO;
				DEBUG_INFORMATION_FORMAT = dwarf;
				ENABLE_STRICT_OBJC_MSGSEND = YES;
				ENABLE_TESTABILITY = YES;
				GCC_DYNAMIC_NO_PIC = NO;
				GCC_OPTIMIZATION_LEVEL = 0;
				GCC_PREPROCESSOR_DEFINITIONS = (
					"DEBUG=1",
					"$(inherited)",
				);
				MACOSX_DEPLOYMENT_TARGET = 14.0;
				ONLY_ACTIVE_ARCH = YES;
				SDKROOT = macosx;
				SWIFT_ACTIVE_COMPILATION_CONDITIONS = "DEBUG $(inherited)";
				SWIFT_OPTIMIZATION_LEVEL = "-Onone";
			};
			name = Debug;
		};
		C2000001 /* Release */ = {
			isa = XCBuildConfiguration;
			buildSettings = {
				ALWAYS_SEARCH_USER_PATHS = NO;
				CLANG_ENABLE_MODULES = YES;
				CLANG_ENABLE_OBJC_ARC = YES;
				COPY_PHASE_STRIP = NO;
				DEBUG_INFORMATION_FORMAT = "dwarf-with-dsym";
				ENABLE_NS_ASSERTIONS = NO;
				ENABLE_STRICT_OBJC_MSGSEND = YES;
				MACOSX_DEPLOYMENT_TARGET = 14.0;
				SDKROOT = macosx;
				SWIFT_COMPILATION_MODE = wholemodule;
			};
			name = Release;
		};
		C2000002 /* Debug */ = {
			isa = XCBuildConfiguration;
			buildSettings = {
				ASSETCATALOG_COMPILER_APPICON_NAME = AppIcon;
				ASSETCATALOG_COMPILER_GLOBAL_ACCENT_COLOR_NAME = AccentColor;
				CODE_SIGN_STYLE = Automatic;
				COMBINE_HIDPI_IMAGES = YES;
				CURRENT_PROJECT_VERSION = 1;
				DEVELOPMENT_TEAM = "";
				ENABLE_HARDENED_RUNTIME = YES;
				ENABLE_PREVIEWS = YES;
				GENERATE_INFOPLIST_FILE = YES;
				INFOPLIST_KEY_CFBundleDisplayName = XYZT;
				INFOPLIST_KEY_CFBundleName = XYZT;
				INFOPLIST_KEY_LSUIElement = NO;
				INFOPLIST_KEY_NSHumanReadableCopyright = "";
				LD_RUNPATH_SEARCH_PATHS = (
					"$(inherited)",
					"@executable_path/../Frameworks",
				);
				MARKETING_VERSION = 0.1.0;
				PRODUCT_BUNDLE_IDENTIFIER = com.xyzt.XYZT;
				PRODUCT_NAME = XYZT;
				SWIFT_EMIT_LOC_STRINGS = YES;
				SWIFT_VERSION = 5.0;
			};
			name = Debug;
		};
		C2000003 /* Release */ = {
			isa = XCBuildConfiguration;
			buildSettings = {
				ASSETCATALOG_COMPILER_APPICON_NAME = AppIcon;
				ASSETCATALOG_COMPILER_GLOBAL_ACCENT_COLOR_NAME = AccentColor;
				CODE_SIGN_STYLE = Automatic;
				COMBINE_HIDPI_IMAGES = YES;
				CURRENT_PROJECT_VERSION = 1;
				DEVELOPMENT_TEAM = "";
				ENABLE_HARDENED_RUNTIME = YES;
				ENABLE_PREVIEWS = YES;
				GENERATE_INFOPLIST_FILE = YES;
				INFOPLIST_KEY_CFBundleDisplayName = XYZT;
				INFOPLIST_KEY_CFBundleName = XYZT;
				INFOPLIST_KEY_LSUIElement = NO;
				INFOPLIST_KEY_NSHumanReadableCopyright = "";
				LD_RUNPATH_SEARCH_PATHS = (
					"$(inherited)",
					"@executable_path/../Frameworks",
				);
				MARKETING_VERSION = 0.1.0;
				PRODUCT_BUNDLE_IDENTIFIER = com.xyzt.XYZT;
				PRODUCT_NAME = XYZT;
				SWIFT_EMIT_LOC_STRINGS = YES;
				SWIFT_VERSION = 5.0;
			};
			name = Release;
		};
		C2000004 /* Debug */ = {
			isa = XCBuildConfiguration;
			buildSettings = {
				BUNDLE_LOADER = "$(TEST_HOST)";
				CODE_SIGN_STYLE = Automatic;
				CURRENT_PROJECT_VERSION = 1;
				DEVELOPMENT_TEAM = "";
				GENERATE_INFOPLIST_FILE = YES;
				MARKETING_VERSION = 0.1.0;
				PRODUCT_BUNDLE_IDENTIFIER = com.xyzt.XYZTTests;
				PRODUCT_NAME = "$(TARGET_NAME)";
				SWIFT_EMIT_LOC_STRINGS = NO;
				SWIFT_VERSION = 5.0;
				TEST_HOST = "$(BUILT_PRODUCTS_DIR)/XYZT.app/Contents/MacOS/XYZT";
			};
			name = Debug;
		};
		C2000005 /* Release */ = {
			isa = XCBuildConfiguration;
			buildSettings = {
				BUNDLE_LOADER = "$(TEST_HOST)";
				CODE_SIGN_STYLE = Automatic;
				CURRENT_PROJECT_VERSION = 1;
				DEVELOPMENT_TEAM = "";
				GENERATE_INFOPLIST_FILE = YES;
				MARKETING_VERSION = 0.1.0;
				PRODUCT_BUNDLE_IDENTIFIER = com.xyzt.XYZTTests;
				PRODUCT_NAME = "$(TARGET_NAME)";
				SWIFT_EMIT_LOC_STRINGS = NO;
				SWIFT_VERSION = 5.0;
				TEST_HOST = "$(BUILT_PRODUCTS_DIR)/XYZT.app/Contents/MacOS/XYZT";
			};
			name = Release;
		};
/* End XCBuildConfiguration section */

/* Begin XCConfigurationList section */
		L1000000 /* Build configuration list for PBXProject "XYZT" */ = {
			isa = XCConfigurationList;
			buildConfigurations = (
				C2000000 /* Debug */,
				C2000001 /* Release */,
			);
			defaultConfigurationIsVisible = 0;
			defaultConfigurationName = Release;
		};
		L1000001 /* Build configuration list for PBXNativeTarget "XYZT" */ = {
			isa = XCConfigurationList;
			buildConfigurations = (
				C2000002 /* Debug */,
				C2000003 /* Release */,
			);
			defaultConfigurationIsVisible = 0;
			defaultConfigurationName = Release;
		};
		L1000002 /* Build configuration list for PBXNativeTarget "XYZTTests" */ = {
			isa = XCConfigurationList;
			buildConfigurations = (
				C2000004 /* Debug */,
				C2000005 /* Release */,
			);
			defaultConfigurationIsVisible = 0;
			defaultConfigurationName = Release;
		};
/* End XCConfigurationList section */
	};
	rootObject = P1000001 /* Project object */;
}
